
Microsoft Visual Studio Solution File, Format Version 12.00
# Visual Studio Version 17
VisualStudioVersion = 17.14.36109.1
MinimumVisualStudioVersion = 10.0.40219.1
Project("{FAE04EC0-301F-11D3-BF4B-00C04F79EFBC}") = "BookMyMovies", "BookMyMovies\BookMyMovies.csproj", "{4B1F29FF-4579-4D5D-8149-55D81C8DEAEF}"
EndProject
Global
	GlobalSection(SolutionConfigurationPlatforms) = preSolution
		Debug|Any CPU = Debug|Any CPU
		Release|Any CPU = Release|Any CPU
	EndGlobalSection
	GlobalSection(ProjectConfigurationPlatforms) = postSolution
		{4B1F29FF-4579-4D5D-8149-55D81C8DEAEF}.Debug|Any CPU.ActiveCfg = Debug|Any CPU
		{4B1F29FF-4579-4D5D-8149-55D81C8DEAEF}.Debug|Any CPU.Build.0 = Debug|Any CPU
		{4B1F29FF-4579-4D5D-8149-55D81C8DEAEF}.Release|Any CPU.ActiveCfg = Release|Any CPU
		{4B1F29FF-4579-4D5D-8149-55D81C8DEAEF}.Release|Any CPU.Build.0 = Release|Any CPU
	EndGlobalSection
	GlobalSection(SolutionProperties) = preSolution
		HideSolutionNode = FALSE
	EndGlobalSection
	GlobalSection(ExtensibilityGlobals) = postSolution
		SolutionGuid = {5A1B2A7D-C436-404B-92B3-61BBA3C5504C}
	EndGlobalSection
EndGlobal
